
Microsoft Visual Studio Solution File, Format Version 12.00
# Visual Studio 15
VisualStudioVersion = 15.0.28010.2050
MinimumVisualStudioVersion = 10.0.40219.1
Project("{FAE04EC0-301F-11D3-BF4B-00C04F79EFBC}") = "PackerApp28-11", "PackerApp28-11\PackerApp28-11.csproj", "{EE9D6CDC-353B-41BC-8682-18FE1C6FBE8E}"
EndProject
Project("{FAE04EC0-301F-11D3-BF4B-00C04F79EFBC}") = "VectisDB", "VectisDB\VectisDB.csproj", "{A0A30973-D116-4939-A467-156431150B19}"
EndProject
Project("{FAE04EC0-301F-11D3-BF4B-00C04F79EFBC}") = "VectisPackers", "VectisPackers\VectisPackers.csproj", "{D723F482-9B91-4F32-902F-41478B55ABE8}"
EndProject
Project("{9A19103F-16F7-4668-BE54-9A1E7A4F7556}") = "PackerRep", "PackerRep\PackerRep.csproj", "{D967E4FD-0A21-4F34-8140-0272A8E798B0}"
EndProject
Global
	GlobalSection(SolutionConfigurationPlatforms) = preSolution
		Debug|Any CPU = Debug|Any CPU
		Release|Any CPU = Release|Any CPU
	EndGlobalSection
	GlobalSection(ProjectConfigurationPlatforms) = postSolution
		{EE9D6CDC-353B-41BC-8682-18FE1C6FBE8E}.Debug|Any CPU.ActiveCfg = Debug|Any CPU
		{EE9D6CDC-353B-41BC-8682-18FE1C6FBE8E}.Debug|Any CPU.Build.0 = Debug|Any CPU
		{EE9D6CDC-353B-41BC-8682-18FE1C6FBE8E}.Release|Any CPU.ActiveCfg = Release|Any CPU
		{EE9D6CDC-353B-41BC-8682-18FE1C6FBE8E}.Release|Any CPU.Build.0 = Release|Any CPU
		{A0A30973-D116-4939-A467-156431150B19}.Debug|Any CPU.ActiveCfg = Debug|Any CPU
		{A0A30973-D116-4939-A467-156431150B19}.Debug|Any CPU.Build.0 = Debug|Any CPU
		{A0A30973-D116-4939-A467-156431150B19}.Release|Any CPU.ActiveCfg = Release|Any CPU
		{A0A30973-D116-4939-A467-156431150B19}.Release|Any CPU.Build.0 = Release|Any CPU
		{D723F482-9B91-4F32-902F-41478B55ABE8}.Debug|Any CPU.ActiveCfg = Debug|Any CPU
		{D723F482-9B91-4F32-902F-41478B55ABE8}.Debug|Any CPU.Build.0 = Debug|Any CPU
		{D723F482-9B91-4F32-902F-41478B55ABE8}.Release|Any CPU.ActiveCfg = Release|Any CPU
		{D723F482-9B91-4F32-902F-41478B55ABE8}.Release|Any CPU.Build.0 = Release|Any CPU
		{D967E4FD-0A21-4F34-8140-0272A8E798B0}.Debug|Any CPU.ActiveCfg = Debug|Any CPU
		{D967E4FD-0A21-4F34-8140-0272A8E798B0}.Debug|Any CPU.Build.0 = Debug|Any CPU
		{D967E4FD-0A21-4F34-8140-0272A8E798B0}.Release|Any CPU.ActiveCfg = Release|Any CPU
		{D967E4FD-0A21-4F34-8140-0272A8E798B0}.Release|Any CPU.Build.0 = Release|Any CPU
	EndGlobalSection
	GlobalSection(SolutionProperties) = preSolution
		HideSolutionNode = FALSE
	EndGlobalSection
	GlobalSection(ExtensibilityGlobals) = postSolution
		SolutionGuid = {57683D66-690D-4E1D-A87A-1451F77C7FA0}
	EndGlobalSection
EndGlobal
